
Microsoft Visual Studio Solution File, Format Version 12.00
# Visual Studio Version 16
VisualStudioVersion = 16.0.31911.196
MinimumVisualStudioVersion = 10.0.40219.1
Project("{FAE04EC0-301F-11D3-BF4B-00C04F79EFBC}") = "AspBlog.Api", "AspBlog.Api\AspBlog.Api.csproj", "{4C10D03A-3182-46EC-B15B-9314780519BE}"
EndProject
Project("{FAE04EC0-301F-11D3-BF4B-00C04F79EFBC}") = "AspBlog.DataAccess", "AspBlog.DataAccess\AspBlog.DataAccess.csproj", "{81BE23DA-944A-4802-BF4F-87017293A819}"
EndProject
Project("{FAE04EC0-301F-11D3-BF4B-00C04F79EFBC}") = "AspBlog.Domain", "AspBlog.Domain\AspBlog.Domain.csproj", "{CC800292-0A5C-4A1C-9A2B-E3B151D7ABA9}"
EndProject
Project("{FAE04EC0-301F-11D3-BF4B-00C04F79EFBC}") = "AspBlog.Application", "AspBlog.Application\AspBlog.Application.csproj", "{5EDAE758-44DA-42EE-864D-92F17F7F69CD}"
EndProject
Project("{FAE04EC0-301F-11D3-BF4B-00C04F79EFBC}") = "AspBlog.Implementation", "AspBlog.Implementation\AspBlog.Implementation.csproj", "{332D9424-E9A2-4394-A841-0F6D4F4661D5}"
EndProject
Global
	GlobalSection(SolutionConfigurationPlatforms) = preSolution
		Debug|Any CPU = Debug|Any CPU
		Release|Any CPU = Release|Any CPU
	EndGlobalSection
	GlobalSection(ProjectConfigurationPlatforms) = postSolution
		{4C10D03A-3182-46EC-B15B-9314780519BE}.Debug|Any CPU.ActiveCfg = Debug|Any CPU
		{4C10D03A-3182-46EC-B15B-9314780519BE}.Debug|Any CPU.Build.0 = Debug|Any CPU
		{4C10D03A-3182-46EC-B15B-9314780519BE}.Release|Any CPU.ActiveCfg = Release|Any CPU
		{4C10D03A-3182-46EC-B15B-9314780519BE}.Release|Any CPU.Build.0 = Release|Any CPU
		{81BE23DA-944A-4802-BF4F-87017293A819}.Debug|Any CPU.ActiveCfg = Debug|Any CPU
		{81BE23DA-944A-4802-BF4F-87017293A819}.Debug|Any CPU.Build.0 = Debug|Any CPU
		{81BE23DA-944A-4802-BF4F-87017293A819}.Release|Any CPU.ActiveCfg = Release|Any CPU
		{81BE23DA-944A-4802-BF4F-87017293A819}.Release|Any CPU.Build.0 = Release|Any CPU
		{CC800292-0A5C-4A1C-9A2B-E3B151D7ABA9}.Debug|Any CPU.ActiveCfg = Debug|Any CPU
		{CC800292-0A5C-4A1C-9A2B-E3B151D7ABA9}.Debug|Any CPU.Build.0 = Debug|Any CPU
		{CC800292-0A5C-4A1C-9A2B-E3B151D7ABA9}.Release|Any CPU.ActiveCfg = Release|Any CPU
		{CC800292-0A5C-4A1C-9A2B-E3B151D7ABA9}.Release|Any CPU.Build.0 = Release|Any CPU
		{5EDAE758-44DA-42EE-864D-92F17F7F69CD}.Debug|Any CPU.ActiveCfg = Debug|Any CPU
		{5EDAE758-44DA-42EE-864D-92F17F7F69CD}.Debug|Any CPU.Build.0 = Debug|Any CPU
		{5EDAE758-44DA-42EE-864D-92F17F7F69CD}.Release|Any CPU.ActiveCfg = Release|Any CPU
		{5EDAE758-44DA-42EE-864D-92F17F7F69CD}.Release|Any CPU.Build.0 = Release|Any CPU
		{332D9424-E9A2-4394-A841-0F6D4F4661D5}.Debug|Any CPU.ActiveCfg = Debug|Any CPU
		{332D9424-E9A2-4394-A841-0F6D4F4661D5}.Debug|Any CPU.Build.0 = Debug|Any CPU
		{332D9424-E9A2-4394-A841-0F6D4F4661D5}.Release|Any CPU.ActiveCfg = Release|Any CPU
		{332D9424-E9A2-4394-A841-0F6D4F4661D5}.Release|Any CPU.Build.0 = Release|Any CPU
	EndGlobalSection
	GlobalSection(SolutionProperties) = preSolution
		HideSolutionNode = FALSE
	EndGlobalSection
	GlobalSection(ExtensibilityGlobals) = postSolution
		SolutionGuid = {F702C13E-21F3-4427-9F2C-D5474615158F}
	EndGlobalSection
EndGlobal
